
Microsoft Visual Studio Solution File, Format Version 12.00
# Visual Studio Version 17
VisualStudioVersion = 17.1.32421.90
MinimumVisualStudioVersion = 10.0.40219.1
Project("{FAE04EC0-301F-11D3-BF4B-00C04F79EFBC}") = "APICinemaProject", "APICinemaProject\APICinemaProject.csproj", "{94ADFA3B-7F27-45EF-B333-96C8CE351AB2}"
EndProject
Global
	GlobalSection(SolutionConfigurationPlatforms) = preSolution
		Debug|Any CPU = Debug|Any CPU
		Release|Any CPU = Release|Any CPU
	EndGlobalSection
	GlobalSection(ProjectConfigurationPlatforms) = postSolution
		{94ADFA3B-7F27-45EF-B333-96C8CE351AB2}.Debug|Any CPU.ActiveCfg = Debug|Any CPU
		{94ADFA3B-7F27-45EF-B333-96C8CE351AB2}.Debug|Any CPU.Build.0 = Debug|Any CPU
		{94ADFA3B-7F27-45EF-B333-96C8CE351AB2}.Release|Any CPU.ActiveCfg = Release|Any CPU
		{94ADFA3B-7F27-45EF-B333-96C8CE351AB2}.Release|Any CPU.Build.0 = Release|Any CPU
	EndGlobalSection
	GlobalSection(SolutionProperties) = preSolution
		HideSolutionNode = FALSE
	EndGlobalSection
	GlobalSection(ExtensibilityGlobals) = postSolution
		SolutionGuid = {C9679135-0930-40AC-913D-7AA595B1C302}
	EndGlobalSection
EndGlobal
